
Microsoft Visual Studio Solution File, Format Version 12.00
# Visual Studio Version 17
VisualStudioVersion = 17.14.36518.9 d17.14
MinimumVisualStudioVersion = 10.0.40219.1
Project("{FAE04EC0-301F-11D3-BF4B-00C04F79EFBC}") = "Semana12Prac", "Semana12Prac.csproj", "{C3F75EFD-DE82-496E-B165-4B81CD3A1959}"
EndProject
Global
	GlobalSection(SolutionConfigurationPlatforms) = preSolution
		Debug|Any CPU = Debug|Any CPU
		Release|Any CPU = Release|Any CPU
	EndGlobalSection
	GlobalSection(ProjectConfigurationPlatforms) = postSolution
		{C3F75EFD-DE82-496E-B165-4B81CD3A1959}.Debug|Any CPU.ActiveCfg = Debug|Any CPU
		{C3F75EFD-DE82-496E-B165-4B81CD3A1959}.Debug|Any CPU.Build.0 = Debug|Any CPU
		{C3F75EFD-DE82-496E-B165-4B81CD3A1959}.Release|Any CPU.ActiveCfg = Release|Any CPU
		{C3F75EFD-DE82-496E-B165-4B81CD3A1959}.Release|Any CPU.Build.0 = Release|Any CPU
	EndGlobalSection
	GlobalSection(SolutionProperties) = preSolution
		HideSolutionNode = FALSE
	EndGlobalSection
	GlobalSection(ExtensibilityGlobals) = postSolution
		SolutionGuid = {A0DF9DF0-43D3-4598-94FF-EA8E984401DD}
	EndGlobalSection
EndGlobal
